
Microsoft Visual Studio Solution File, Format Version 12.00
Project("{FAE04EC0-301F-11D3-BF4B-00C04F79EFBC}") = "ImageClassification", "ImageClassification\ImageClassification.csproj", "{D37D65B3-AE63-4617-80BA-5A49B8016FCD}"
EndProject
Project("{FAE04EC0-301F-11D3-BF4B-00C04F79EFBC}") = "ImageClassificationTest", "ImageClassificationTest\ImageClassificationTest.csproj", "{9555F77D-36D2-4467-AD5D-8C7914F833A0}"
EndProject
Global
	GlobalSection(SolutionConfigurationPlatforms) = preSolution
		Debug|Any CPU = Debug|Any CPU
		Release|Any CPU = Release|Any CPU
	EndGlobalSection
	GlobalSection(ProjectConfigurationPlatforms) = postSolution
		{D37D65B3-AE63-4617-80BA-5A49B8016FCD}.Debug|Any CPU.ActiveCfg = Debug|Any CPU
		{D37D65B3-AE63-4617-80BA-5A49B8016FCD}.Debug|Any CPU.Build.0 = Debug|Any CPU
		{D37D65B3-AE63-4617-80BA-5A49B8016FCD}.Release|Any CPU.ActiveCfg = Release|Any CPU
		{D37D65B3-AE63-4617-80BA-5A49B8016FCD}.Release|Any CPU.Build.0 = Release|Any CPU
		{9555F77D-36D2-4467-AD5D-8C7914F833A0}.Debug|Any CPU.ActiveCfg = Debug|Any CPU
		{9555F77D-36D2-4467-AD5D-8C7914F833A0}.Debug|Any CPU.Build.0 = Debug|Any CPU
		{9555F77D-36D2-4467-AD5D-8C7914F833A0}.Release|Any CPU.ActiveCfg = Release|Any CPU
		{9555F77D-36D2-4467-AD5D-8C7914F833A0}.Release|Any CPU.Build.0 = Release|Any CPU
	EndGlobalSection
EndGlobal
